
Microsoft Visual Studio Solution File, Format Version 12.00
# Visual Studio Version 16
VisualStudioVersion = 16.0.29709.97
MinimumVisualStudioVersion = 10.0.40219.1
Project("{FAE04EC0-301F-11D3-BF4B-00C04F79EFBC}") = "robot-nagivation", "robot-nagivation\robot-nagivation.csproj", "{ED83CA43-36F7-4FFF-8E04-778930473569}"
EndProject
Global
	GlobalSection(SolutionConfigurationPlatforms) = preSolution
		Debug|Any CPU = Debug|Any CPU
		Release|Any CPU = Release|Any CPU
	EndGlobalSection
	GlobalSection(ProjectConfigurationPlatforms) = postSolution
		{ED83CA43-36F7-4FFF-8E04-778930473569}.Debug|Any CPU.ActiveCfg = Debug|Any CPU
		{ED83CA43-36F7-4FFF-8E04-778930473569}.Debug|Any CPU.Build.0 = Debug|Any CPU
		{ED83CA43-36F7-4FFF-8E04-778930473569}.Release|Any CPU.ActiveCfg = Release|Any CPU
		{ED83CA43-36F7-4FFF-8E04-778930473569}.Release|Any CPU.Build.0 = Release|Any CPU
	EndGlobalSection
	GlobalSection(SolutionProperties) = preSolution
		HideSolutionNode = FALSE
	EndGlobalSection
	GlobalSection(ExtensibilityGlobals) = postSolution
		SolutionGuid = {9CD2D62A-194A-4E51-8532-6216CE5A2A97}
	EndGlobalSection
EndGlobal
